
Microsoft Visual Studio Solution File, Format Version 12.00
# Visual Studio Version 16
VisualStudioVersion = 16.0.31729.503
MinimumVisualStudioVersion = 10.0.40219.1
Project("{FAE04EC0-301F-11D3-BF4B-00C04F79EFBC}") = "EmployeeWagesComputationProgram", "EmployeeWagesComputationProgram\EmployeeWagesComputationProgram.csproj", "{74207ED0-A01D-4AF8-89E5-6EC0A17FB8D7}"
EndProject
Global
	GlobalSection(SolutionConfigurationPlatforms) = preSolution
		Debug|Any CPU = Debug|Any CPU
		Release|Any CPU = Release|Any CPU
	EndGlobalSection
	GlobalSection(ProjectConfigurationPlatforms) = postSolution
		{74207ED0-A01D-4AF8-89E5-6EC0A17FB8D7}.Debug|Any CPU.ActiveCfg = Debug|Any CPU
		{74207ED0-A01D-4AF8-89E5-6EC0A17FB8D7}.Debug|Any CPU.Build.0 = Debug|Any CPU
		{74207ED0-A01D-4AF8-89E5-6EC0A17FB8D7}.Release|Any CPU.ActiveCfg = Release|Any CPU
		{74207ED0-A01D-4AF8-89E5-6EC0A17FB8D7}.Release|Any CPU.Build.0 = Release|Any CPU
	EndGlobalSection
	GlobalSection(SolutionProperties) = preSolution
		HideSolutionNode = FALSE
	EndGlobalSection
	GlobalSection(ExtensibilityGlobals) = postSolution
		SolutionGuid = {B4777628-C092-480A-BE54-51214BAF415B}
	EndGlobalSection
EndGlobal
