
Microsoft Visual Studio Solution File, Format Version 12.00
# Visual Studio Version 16
VisualStudioVersion = 16.0.31729.503
MinimumVisualStudioVersion = 10.0.40219.1
Project("{FAE04EC0-301F-11D3-BF4B-00C04F79EFBC}") = "EmployeeWagesComputationProgram", "EmployeeWagesComputationProgram\EmployeeWagesComputationProgram.csproj", "{6E5050B7-41C0-466C-883C-BA64937FEE41}"
EndProject
Global
	GlobalSection(SolutionConfigurationPlatforms) = preSolution
		Debug|Any CPU = Debug|Any CPU
		Release|Any CPU = Release|Any CPU
	EndGlobalSection
	GlobalSection(ProjectConfigurationPlatforms) = postSolution
		{6E5050B7-41C0-466C-883C-BA64937FEE41}.Debug|Any CPU.ActiveCfg = Debug|Any CPU
		{6E5050B7-41C0-466C-883C-BA64937FEE41}.Debug|Any CPU.Build.0 = Debug|Any CPU
		{6E5050B7-41C0-466C-883C-BA64937FEE41}.Release|Any CPU.ActiveCfg = Release|Any CPU
		{6E5050B7-41C0-466C-883C-BA64937FEE41}.Release|Any CPU.Build.0 = Release|Any CPU
	EndGlobalSection
	GlobalSection(SolutionProperties) = preSolution
		HideSolutionNode = FALSE
	EndGlobalSection
	GlobalSection(ExtensibilityGlobals) = postSolution
		SolutionGuid = {C7A9A20F-F194-4284-8EA1-4FE546151CFB}
	EndGlobalSection
EndGlobal
